
Microsoft Visual Studio Solution File, Format Version 12.00
# Visual Studio 15
VisualStudioVersion = 15.0.28307.329
MinimumVisualStudioVersion = 10.0.40219.1
Project("{2150E333-8FDC-42A3-9474-1A3956D46DE8}") = "Application", "Application", "{30D115A7-D2CC-4AB1-954D-372DA1149573}"
EndProject
Project("{2150E333-8FDC-42A3-9474-1A3956D46DE8}") = "Domain", "Domain", "{AC026C40-FEB1-4E4B-9A90-7DC3BA8FBAA6}"
EndProject
Project("{2150E333-8FDC-42A3-9474-1A3956D46DE8}") = "Infrastructure", "Infrastructure", "{DBDD04E5-5953-4378-98B0-1C1AB5F2A993}"
EndProject
Project("{2150E333-8FDC-42A3-9474-1A3956D46DE8}") = "Crosscuting", "Crosscuting", "{6561980F-B8CA-4AFB-8A02-34EB74E82928}"
EndProject
Project("{2150E333-8FDC-42A3-9474-1A3956D46DE8}") = "DependencyInjection", "DependencyInjection", "{E3D0C8FA-8AE6-4A0A-9D54-EFE60457731B}"
EndProject
Project("{2150E333-8FDC-42A3-9474-1A3956D46DE8}") = "Repository", "Repository", "{BA87D782-17BD-4733-8FE4-C02FB05DFA2E}"
EndProject
Project("{9A19103F-16F7-4668-BE54-9A1E7A4F7556}") = "Safeon.IOC", "Safeon.IOC\Safeon.IOC.csproj", "{5CB6394E-E03E-4F47-9328-7D13CA730CCF}"
EndProject
Project("{9A19103F-16F7-4668-BE54-9A1E7A4F7556}") = "Safeon.Domain", "Safeon.Domain\Safeon.Domain.csproj", "{B4267EF1-425C-4803-9A6E-2D315426FCD9}"
EndProject
Project("{9A19103F-16F7-4668-BE54-9A1E7A4F7556}") = "Safeon.Api", "Safeon.Api\Safeon.Api.csproj", "{03891CCB-CB5E-4168-B09A-2941F51E2DEC}"
EndProject
Project("{9A19103F-16F7-4668-BE54-9A1E7A4F7556}") = "Safeon.Systems", "Safeon.Systems\Safeon.Systems.csproj", "{DBD07E07-A9A1-4CCE-ACEC-304B8D224191}"
EndProject
Project("{9A19103F-16F7-4668-BE54-9A1E7A4F7556}") = "Safeon.Mysql", "Safeon.Mysql\Safeon.Mysql.csproj", "{03726C8E-01B6-41D0-9658-3D033B003DB6}"
EndProject
Project("{FAE04EC0-301F-11D3-BF4B-00C04F79EFBC}") = "Safeon.Web", "Safeon.Web\Safeon.Web.csproj", "{F252FC58-4AA1-4603-B924-C877FA4A732D}"
EndProject
Global
	GlobalSection(SolutionConfigurationPlatforms) = preSolution
		Debug|Any CPU = Debug|Any CPU
		Release|Any CPU = Release|Any CPU
	EndGlobalSection
	GlobalSection(ProjectConfigurationPlatforms) = postSolution
		{5CB6394E-E03E-4F47-9328-7D13CA730CCF}.Debug|Any CPU.ActiveCfg = Debug|Any CPU
		{5CB6394E-E03E-4F47-9328-7D13CA730CCF}.Debug|Any CPU.Build.0 = Debug|Any CPU
		{5CB6394E-E03E-4F47-9328-7D13CA730CCF}.Release|Any CPU.ActiveCfg = Release|Any CPU
		{5CB6394E-E03E-4F47-9328-7D13CA730CCF}.Release|Any CPU.Build.0 = Release|Any CPU
		{B4267EF1-425C-4803-9A6E-2D315426FCD9}.Debug|Any CPU.ActiveCfg = Debug|Any CPU
		{B4267EF1-425C-4803-9A6E-2D315426FCD9}.Debug|Any CPU.Build.0 = Debug|Any CPU
		{B4267EF1-425C-4803-9A6E-2D315426FCD9}.Release|Any CPU.ActiveCfg = Release|Any CPU
		{B4267EF1-425C-4803-9A6E-2D315426FCD9}.Release|Any CPU.Build.0 = Release|Any CPU
		{03891CCB-CB5E-4168-B09A-2941F51E2DEC}.Debug|Any CPU.ActiveCfg = Debug|Any CPU
		{03891CCB-CB5E-4168-B09A-2941F51E2DEC}.Debug|Any CPU.Build.0 = Debug|Any CPU
		{03891CCB-CB5E-4168-B09A-2941F51E2DEC}.Release|Any CPU.ActiveCfg = Release|Any CPU
		{03891CCB-CB5E-4168-B09A-2941F51E2DEC}.Release|Any CPU.Build.0 = Release|Any CPU
		{DBD07E07-A9A1-4CCE-ACEC-304B8D224191}.Debug|Any CPU.ActiveCfg = Debug|Any CPU
		{DBD07E07-A9A1-4CCE-ACEC-304B8D224191}.Debug|Any CPU.Build.0 = Debug|Any CPU
		{DBD07E07-A9A1-4CCE-ACEC-304B8D224191}.Release|Any CPU.ActiveCfg = Release|Any CPU
		{DBD07E07-A9A1-4CCE-ACEC-304B8D224191}.Release|Any CPU.Build.0 = Release|Any CPU
		{03726C8E-01B6-41D0-9658-3D033B003DB6}.Debug|Any CPU.ActiveCfg = Debug|Any CPU
		{03726C8E-01B6-41D0-9658-3D033B003DB6}.Debug|Any CPU.Build.0 = Debug|Any CPU
		{03726C8E-01B6-41D0-9658-3D033B003DB6}.Release|Any CPU.ActiveCfg = Release|Any CPU
		{03726C8E-01B6-41D0-9658-3D033B003DB6}.Release|Any CPU.Build.0 = Release|Any CPU
		{F252FC58-4AA1-4603-B924-C877FA4A732D}.Debug|Any CPU.ActiveCfg = Debug|Any CPU
		{F252FC58-4AA1-4603-B924-C877FA4A732D}.Debug|Any CPU.Build.0 = Debug|Any CPU
		{F252FC58-4AA1-4603-B924-C877FA4A732D}.Release|Any CPU.ActiveCfg = Release|Any CPU
		{F252FC58-4AA1-4603-B924-C877FA4A732D}.Release|Any CPU.Build.0 = Release|Any CPU
	EndGlobalSection
	GlobalSection(SolutionProperties) = preSolution
		HideSolutionNode = FALSE
	EndGlobalSection
	GlobalSection(NestedProjects) = preSolution
		{6561980F-B8CA-4AFB-8A02-34EB74E82928} = {DBDD04E5-5953-4378-98B0-1C1AB5F2A993}
		{E3D0C8FA-8AE6-4A0A-9D54-EFE60457731B} = {DBDD04E5-5953-4378-98B0-1C1AB5F2A993}
		{BA87D782-17BD-4733-8FE4-C02FB05DFA2E} = {DBDD04E5-5953-4378-98B0-1C1AB5F2A993}
		{5CB6394E-E03E-4F47-9328-7D13CA730CCF} = {E3D0C8FA-8AE6-4A0A-9D54-EFE60457731B}
		{B4267EF1-425C-4803-9A6E-2D315426FCD9} = {AC026C40-FEB1-4E4B-9A90-7DC3BA8FBAA6}
		{03891CCB-CB5E-4168-B09A-2941F51E2DEC} = {30D115A7-D2CC-4AB1-954D-372DA1149573}
		{DBD07E07-A9A1-4CCE-ACEC-304B8D224191} = {6561980F-B8CA-4AFB-8A02-34EB74E82928}
		{03726C8E-01B6-41D0-9658-3D033B003DB6} = {BA87D782-17BD-4733-8FE4-C02FB05DFA2E}
		{F252FC58-4AA1-4603-B924-C877FA4A732D} = {30D115A7-D2CC-4AB1-954D-372DA1149573}
	EndGlobalSection
	GlobalSection(ExtensibilityGlobals) = postSolution
		SolutionGuid = {BEF3178C-58CB-4959-BABF-E51FBB4AEE12}
	EndGlobalSection
EndGlobal
